
Microsoft Visual Studio Solution File, Format Version 12.00
# Visual Studio Version 16
VisualStudioVersion = 16.0.31515.178
MinimumVisualStudioVersion = 10.0.40219.1
Project("{FAE04EC0-301F-11D3-BF4B-00C04F79EFBC}") = "Ex01_02", "Ex01_02\Ex01_02.csproj", "{EE141264-F385-4F52-A7C9-47B3BD964021}"
EndProject
Project("{FAE04EC0-301F-11D3-BF4B-00C04F79EFBC}") = "Ex01_03", "Ex01_03\Ex01_03.csproj", "{4380BFE9-4CB1-47B5-922B-5306A11C760E}"
EndProject
Project("{FAE04EC0-301F-11D3-BF4B-00C04F79EFBC}") = "Ex01_05", "Ex01_05\Ex01_05.csproj", "{A5474098-A24A-477C-833D-D20C59228AAF}"
EndProject
Project("{FAE04EC0-301F-11D3-BF4B-00C04F79EFBC}") = "Ex01_01", "Ex01_01\Ex01_01.csproj", "{F3D4A145-AA86-4A40-855B-53301311B775}"
EndProject
Project("{FAE04EC0-301F-11D3-BF4B-00C04F79EFBC}") = "Ex01_04", "Ex01_04\Ex01_04.csproj", "{190C1387-99D3-4701-909F-D0E90E1D25E3}"
EndProject
Global
	GlobalSection(SolutionConfigurationPlatforms) = preSolution
		Debug|Any CPU = Debug|Any CPU
		Release|Any CPU = Release|Any CPU
	EndGlobalSection
	GlobalSection(ProjectConfigurationPlatforms) = postSolution
		{EE141264-F385-4F52-A7C9-47B3BD964021}.Debug|Any CPU.ActiveCfg = Debug|Any CPU
		{EE141264-F385-4F52-A7C9-47B3BD964021}.Debug|Any CPU.Build.0 = Debug|Any CPU
		{EE141264-F385-4F52-A7C9-47B3BD964021}.Release|Any CPU.ActiveCfg = Release|Any CPU
		{EE141264-F385-4F52-A7C9-47B3BD964021}.Release|Any CPU.Build.0 = Release|Any CPU
		{4380BFE9-4CB1-47B5-922B-5306A11C760E}.Debug|Any CPU.ActiveCfg = Debug|Any CPU
		{4380BFE9-4CB1-47B5-922B-5306A11C760E}.Debug|Any CPU.Build.0 = Debug|Any CPU
		{4380BFE9-4CB1-47B5-922B-5306A11C760E}.Release|Any CPU.ActiveCfg = Release|Any CPU
		{4380BFE9-4CB1-47B5-922B-5306A11C760E}.Release|Any CPU.Build.0 = Release|Any CPU
		{A5474098-A24A-477C-833D-D20C59228AAF}.Debug|Any CPU.ActiveCfg = Debug|Any CPU
		{A5474098-A24A-477C-833D-D20C59228AAF}.Debug|Any CPU.Build.0 = Debug|Any CPU
		{A5474098-A24A-477C-833D-D20C59228AAF}.Release|Any CPU.ActiveCfg = Release|Any CPU
		{A5474098-A24A-477C-833D-D20C59228AAF}.Release|Any CPU.Build.0 = Release|Any CPU
		{F3D4A145-AA86-4A40-855B-53301311B775}.Debug|Any CPU.ActiveCfg = Debug|Any CPU
		{F3D4A145-AA86-4A40-855B-53301311B775}.Debug|Any CPU.Build.0 = Debug|Any CPU
		{F3D4A145-AA86-4A40-855B-53301311B775}.Release|Any CPU.ActiveCfg = Release|Any CPU
		{F3D4A145-AA86-4A40-855B-53301311B775}.Release|Any CPU.Build.0 = Release|Any CPU
		{190C1387-99D3-4701-909F-D0E90E1D25E3}.Debug|Any CPU.ActiveCfg = Debug|Any CPU
		{190C1387-99D3-4701-909F-D0E90E1D25E3}.Debug|Any CPU.Build.0 = Debug|Any CPU
		{190C1387-99D3-4701-909F-D0E90E1D25E3}.Release|Any CPU.ActiveCfg = Release|Any CPU
		{190C1387-99D3-4701-909F-D0E90E1D25E3}.Release|Any CPU.Build.0 = Release|Any CPU
	EndGlobalSection
	GlobalSection(SolutionProperties) = preSolution
		HideSolutionNode = FALSE
	EndGlobalSection
	GlobalSection(ExtensibilityGlobals) = postSolution
		SolutionGuid = {781D8A9F-7A27-4C4C-B5E4-6EC9F4502559}
	EndGlobalSection
EndGlobal
