
Microsoft Visual Studio Solution File, Format Version 12.00
# Visual Studio Version 16
VisualStudioVersion = 16.0.33927.289
MinimumVisualStudioVersion = 10.0.40219.1
Project("{FAE04EC0-301F-11D3-BF4B-00C04F79EFBC}") = "Bool Pgia", "Bool Pgia\Bool Pgia.csproj", "{8C57CC60-4667-40B6-A3E0-ACACF246C7B0}"
EndProject
Global
	GlobalSection(SolutionConfigurationPlatforms) = preSolution
		Debug|Any CPU = Debug|Any CPU
		Release|Any CPU = Release|Any CPU
	EndGlobalSection
	GlobalSection(ProjectConfigurationPlatforms) = postSolution
		{8C57CC60-4667-40B6-A3E0-ACACF246C7B0}.Debug|Any CPU.ActiveCfg = Debug|Any CPU
		{8C57CC60-4667-40B6-A3E0-ACACF246C7B0}.Debug|Any CPU.Build.0 = Debug|Any CPU
		{8C57CC60-4667-40B6-A3E0-ACACF246C7B0}.Release|Any CPU.ActiveCfg = Release|Any CPU
		{8C57CC60-4667-40B6-A3E0-ACACF246C7B0}.Release|Any CPU.Build.0 = Release|Any CPU
	EndGlobalSection
	GlobalSection(SolutionProperties) = preSolution
		HideSolutionNode = FALSE
	EndGlobalSection
	GlobalSection(ExtensibilityGlobals) = postSolution
		SolutionGuid = {31FA997E-132E-4C40-B4F3-98C0E1141625}
	EndGlobalSection
EndGlobal
